
Microsoft Visual Studio Solution File, Format Version 12.00
# Visual Studio 15
VisualStudioVersion = 15.0.28010.2003
MinimumVisualStudioVersion = 10.0.40219.1
Project("{FAE04EC0-301F-11D3-BF4B-00C04F79EFBC}") = "TestConsoleApp", "TestConsoleApp\TestConsoleApp.csproj", "{B7DFBCC5-AB8C-413D-BBF9-855FE8076F53}"
EndProject
Project("{FAE04EC0-301F-11D3-BF4B-00C04F79EFBC}") = "Challenges", "..\Challenges\Challenges.csproj", "{37B3AA9E-9B60-4A6C-B58A-3C221867D289}"
EndProject
Project("{FAE04EC0-301F-11D3-BF4B-00C04F79EFBC}") = "ChallengeTests", "..\ChallengeTests\ChallengeTests.csproj", "{87AEBA67-519A-473E-9706-50545715F1F7}"
EndProject
Global
	GlobalSection(SolutionConfigurationPlatforms) = preSolution
		Debug|Any CPU = Debug|Any CPU
		Release|Any CPU = Release|Any CPU
	EndGlobalSection
	GlobalSection(ProjectConfigurationPlatforms) = postSolution
		{B7DFBCC5-AB8C-413D-BBF9-855FE8076F53}.Debug|Any CPU.ActiveCfg = Debug|Any CPU
		{B7DFBCC5-AB8C-413D-BBF9-855FE8076F53}.Debug|Any CPU.Build.0 = Debug|Any CPU
		{B7DFBCC5-AB8C-413D-BBF9-855FE8076F53}.Release|Any CPU.ActiveCfg = Release|Any CPU
		{B7DFBCC5-AB8C-413D-BBF9-855FE8076F53}.Release|Any CPU.Build.0 = Release|Any CPU
		{37B3AA9E-9B60-4A6C-B58A-3C221867D289}.Debug|Any CPU.ActiveCfg = Debug|Any CPU
		{37B3AA9E-9B60-4A6C-B58A-3C221867D289}.Debug|Any CPU.Build.0 = Debug|Any CPU
		{37B3AA9E-9B60-4A6C-B58A-3C221867D289}.Release|Any CPU.ActiveCfg = Release|Any CPU
		{37B3AA9E-9B60-4A6C-B58A-3C221867D289}.Release|Any CPU.Build.0 = Release|Any CPU
		{87AEBA67-519A-473E-9706-50545715F1F7}.Debug|Any CPU.ActiveCfg = Debug|Any CPU
		{87AEBA67-519A-473E-9706-50545715F1F7}.Debug|Any CPU.Build.0 = Debug|Any CPU
		{87AEBA67-519A-473E-9706-50545715F1F7}.Release|Any CPU.ActiveCfg = Release|Any CPU
		{87AEBA67-519A-473E-9706-50545715F1F7}.Release|Any CPU.Build.0 = Release|Any CPU
	EndGlobalSection
	GlobalSection(SolutionProperties) = preSolution
		HideSolutionNode = FALSE
	EndGlobalSection
	GlobalSection(ExtensibilityGlobals) = postSolution
		SolutionGuid = {64DEC6C9-D160-4BED-B598-C6BC51DED7A2}
	EndGlobalSection
EndGlobal
